
Microsoft Visual Studio Solution File, Format Version 12.00
Project("{FAE04EC0-301F-11D3-BF4B-00C04F79EFBC}") = "WebApplication", "WebApplication\WebApplication.csproj", "{DB2D05FA-4001-4692-839F-6566F519DBE6}"
EndProject
Global
	GlobalSection(SolutionConfigurationPlatforms) = preSolution
		Debug|Any CPU = Debug|Any CPU
		Release|Any CPU = Release|Any CPU
	EndGlobalSection
	GlobalSection(ProjectConfigurationPlatforms) = postSolution
		{DB2D05FA-4001-4692-839F-6566F519DBE6}.Debug|Any CPU.ActiveCfg = Debug|Any CPU
		{DB2D05FA-4001-4692-839F-6566F519DBE6}.Debug|Any CPU.Build.0 = Debug|Any CPU
		{DB2D05FA-4001-4692-839F-6566F519DBE6}.Release|Any CPU.ActiveCfg = Release|Any CPU
		{DB2D05FA-4001-4692-839F-6566F519DBE6}.Release|Any CPU.Build.0 = Release|Any CPU
	EndGlobalSection
EndGlobal
